{
  "pins" : [
    {
      "identity" : "swiftui-vertical-tab-view",
      "kind" : "remoteSourceControl",
      "location" : "https://github.com/lorenzofiamingo/swiftui-vertical-tab-view",
      "state" : {
        "revision" : "e029f75f9c43e52e351528a78e293a997200b9f8",
        "version" : "2.0.0"
      }
    },
    {
      "identity" : "swiftuipager",
      "kind" : "remoteSourceControl",
      "location" : "https://github.com/fermoya/SwiftUIPager",
      "state" : {
        "revision" : "4ddc04c801aac143090bb14cf26603a3bf9c74cb",
        "version" : "2.5.0"
      }
    }
  ],
  "version" : 2
}
