// !$*UTF8*$!
{
	archiveVersion = 1;
	classes = {
	};
	objectVersion = 55;
	objects = {

/* Begin PBXBuildFile section */
		FB0829A32884BB9000FFFB4B /* DesignSystem.swift in Sources */ = {isa = PBXBuildFile; fileRef = FB0829A22884BB9000FFFB4B /* DesignSystem.swift */; };
		FB0829A52884BBC200FFFB4B /* DesignSystem+Size.swift in Sources */ = {isa = PBXBuildFile; fileRef = FB0829A42884BBC200FFFB4B /* DesignSystem+Size.swift */; };
		FB0829A72884BC2B00FFFB4B /* DesignSystem+Color.swift in Sources */ = {isa = PBXBuildFile; fileRef = FB0829A62884BC2B00FFFB4B /* DesignSystem+Color.swift */; };
		FB66A4292887EB7100F9F850 /* WelcomeView.swift in Sources */ = {isa = PBXBuildFile; fileRef = FB66A4282887EB7100F9F850 /* WelcomeView.swift */; };
		FB66A42C2887FAD000F9F850 /* Localizable.strings in Resources */ = {isa = PBXBuildFile; fileRef = FB66A42E2887FAD000F9F850 /* Localizable.strings */; };
		FB66A430288804E400F9F850 /* Localisation.swift in Sources */ = {isa = PBXBuildFile; fileRef = FB66A42F288804E400F9F850 /* Localisation.swift */; };
		FB66A43528880EF600F9F850 /* RemindersSettingView.swift in Sources */ = {isa = PBXBuildFile; fileRef = FB66A43428880EF600F9F850 /* RemindersSettingView.swift */; };
		FB66A43728880F5C00F9F850 /* NavigationButton.swift in Sources */ = {isa = PBXBuildFile; fileRef = FB66A43628880F5C00F9F850 /* NavigationButton.swift */; };
		FB66A43A288816B700F9F850 /* MainView.swift in Sources */ = {isa = PBXBuildFile; fileRef = FB66A439288816B700F9F850 /* MainView.swift */; };
		FB66A43C288833A200F9F850 /* ReminderSettingItem.swift in Sources */ = {isa = PBXBuildFile; fileRef = FB66A43B288833A200F9F850 /* ReminderSettingItem.swift */; };
		FB66A44A2888A8E300F9F850 /* HelloWorldView.swift in Sources */ = {isa = PBXBuildFile; fileRef = FB66A4492888A8E300F9F850 /* HelloWorldView.swift */; };
		FB66A44D2888B3A300F9F850 /* Word.swift in Sources */ = {isa = PBXBuildFile; fileRef = FB66A44C2888B3A300F9F850 /* Word.swift */; };
		FB66A44F2888B54800F9F850 /* PartOfSpeech.swift in Sources */ = {isa = PBXBuildFile; fileRef = FB66A44E2888B54800F9F850 /* PartOfSpeech.swift */; };
		FB66A4512888B5F100F9F850 /* HomeView.swift in Sources */ = {isa = PBXBuildFile; fileRef = FB66A4502888B5F100F9F850 /* HomeView.swift */; };
		FB66A4532888B8ED00F9F850 /* LibraryView.swift in Sources */ = {isa = PBXBuildFile; fileRef = FB66A4522888B8ED00F9F850 /* LibraryView.swift */; };
		FBCECE992814847600CD558C /* Word_BundleApp.swift in Sources */ = {isa = PBXBuildFile; fileRef = FBCECE982814847600CD558C /* Word_BundleApp.swift */; };
		FBCECE9D2814847900CD558C /* Assets.xcassets in Resources */ = {isa = PBXBuildFile; fileRef = FBCECE9C2814847900CD558C /* Assets.xcassets */; };
		FBCECEA02814847900CD558C /* Preview Assets.xcassets in Resources */ = {isa = PBXBuildFile; fileRef = FBCECE9F2814847900CD558C /* Preview Assets.xcassets */; };
		FBCECEA22814847900CD558C /* Persistence.swift in Sources */ = {isa = PBXBuildFile; fileRef = FBCECEA12814847900CD558C /* Persistence.swift */; };
		FBCECEA52814847900CD558C /* Word_Bundle.xcdatamodeld in Sources */ = {isa = PBXBuildFile; fileRef = FBCECEA32814847900CD558C /* Word_Bundle.xcdatamodeld */; };
		FBCECEAF2814847A00CD558C /* Word_BundleTests.swift in Sources */ = {isa = PBXBuildFile; fileRef = FBCECEAE2814847A00CD558C /* Word_BundleTests.swift */; };
		FBCECEB92814847A00CD558C /* Word_BundleUITests.swift in Sources */ = {isa = PBXBuildFile; fileRef = FBCECEB82814847A00CD558C /* Word_BundleUITests.swift */; };
		FBCECEBB2814847A00CD558C /* Word_BundleUITestsLaunchTests.swift in Sources */ = {isa = PBXBuildFile; fileRef = FBCECEBA2814847A00CD558C /* Word_BundleUITestsLaunchTests.swift */; };
		FBCECECA2814863C00CD558C /* OptionalString+Extension.swift in Sources */ = {isa = PBXBuildFile; fileRef = FBCECEC92814863C00CD558C /* OptionalString+Extension.swift */; };
		FBCECECC281486E900CD558C /* String+Extension.swift in Sources */ = {isa = PBXBuildFile; fileRef = FBCECECB281486E900CD558C /* String+Extension.swift */; };
		FBCECECE2814876D00CD558C /* Device+Extension.swift in Sources */ = {isa = PBXBuildFile; fileRef = FBCECECD2814876D00CD558C /* Device+Extension.swift */; };
		FBCECED02814883F00CD558C /* Numeric+Extension.swift in Sources */ = {isa = PBXBuildFile; fileRef = FBCECECF2814883F00CD558C /* Numeric+Extension.swift */; };
		FBCECED2281488AE00CD558C /* Int+Extension.swift in Sources */ = {isa = PBXBuildFile; fileRef = FBCECED1281488AE00CD558C /* Int+Extension.swift */; };
		FBF4646F2884CED000B4A96B /* DesignSystem+Images.swift in Sources */ = {isa = PBXBuildFile; fileRef = FBF4646E2884CED000B4A96B /* DesignSystem+Images.swift */; };
/* End PBXBuildFile section */

/* Begin PBXContainerItemProxy section */
		FBCECEAB2814847A00CD558C /* PBXContainerItemProxy */ = {
			isa = PBXContainerItemProxy;
			containerPortal = FBCECE8D2814847600CD558C /* Project object */;
			proxyType = 1;
			remoteGlobalIDString = FBCECE942814847600CD558C;
			remoteInfo = "Word Bundle";
		};
		FBCECEB52814847A00CD558C /* PBXContainerItemProxy */ = {
			isa = PBXContainerItemProxy;
			containerPortal = FBCECE8D2814847600CD558C /* Project object */;
			proxyType = 1;
			remoteGlobalIDString = FBCECE942814847600CD558C;
			remoteInfo = "Word Bundle";
		};
/* End PBXContainerItemProxy section */

/* Begin PBXFileReference section */
		FB0829A12884BA9D00FFFB4B /* Word Bundle.entitlements */ = {isa = PBXFileReference; lastKnownFileType = text.plist.entitlements; path = "Word Bundle.entitlements"; sourceTree = "<group>"; };
		FB0829A22884BB9000FFFB4B /* DesignSystem.swift */ = {isa = PBXFileReference; lastKnownFileType = sourcecode.swift; path = DesignSystem.swift; sourceTree = "<group>"; };
		FB0829A42884BBC200FFFB4B /* DesignSystem+Size.swift */ = {isa = PBXFileReference; lastKnownFileType = sourcecode.swift; path = "DesignSystem+Size.swift"; sourceTree = "<group>"; };
		FB0829A62884BC2B00FFFB4B /* DesignSystem+Color.swift */ = {isa = PBXFileReference; lastKnownFileType = sourcecode.swift; path = "DesignSystem+Color.swift"; sourceTree = "<group>"; };
		FB66A4282887EB7100F9F850 /* WelcomeView.swift */ = {isa = PBXFileReference; lastKnownFileType = sourcecode.swift; path = WelcomeView.swift; sourceTree = "<group>"; };
		FB66A42D2887FAD000F9F850 /* en */ = {isa = PBXFileReference; lastKnownFileType = text.plist.strings; name = en; path = en.lproj/Localizable.strings; sourceTree = "<group>"; };
		FB66A42F288804E400F9F850 /* Localisation.swift */ = {isa = PBXFileReference; lastKnownFileType = sourcecode.swift; path = Localisation.swift; sourceTree = "<group>"; };
		FB66A43428880EF600F9F850 /* RemindersSettingView.swift */ = {isa = PBXFileReference; lastKnownFileType = sourcecode.swift; path = RemindersSettingView.swift; sourceTree = "<group>"; };
		FB66A43628880F5C00F9F850 /* NavigationButton.swift */ = {isa = PBXFileReference; lastKnownFileType = sourcecode.swift; path = NavigationButton.swift; sourceTree = "<group>"; };
		FB66A439288816B700F9F850 /* MainView.swift */ = {isa = PBXFileReference; lastKnownFileType = sourcecode.swift; path = MainView.swift; sourceTree = "<group>"; };
		FB66A43B288833A200F9F850 /* ReminderSettingItem.swift */ = {isa = PBXFileReference; lastKnownFileType = sourcecode.swift; path = ReminderSettingItem.swift; sourceTree = "<group>"; };
		FB66A4492888A8E300F9F850 /* HelloWorldView.swift */ = {isa = PBXFileReference; lastKnownFileType = sourcecode.swift; path = HelloWorldView.swift; sourceTree = "<group>"; };
		FB66A44C2888B3A300F9F850 /* Word.swift */ = {isa = PBXFileReference; lastKnownFileType = sourcecode.swift; path = Word.swift; sourceTree = "<group>"; };
		FB66A44E2888B54800F9F850 /* PartOfSpeech.swift */ = {isa = PBXFileReference; lastKnownFileType = sourcecode.swift; path = PartOfSpeech.swift; sourceTree = "<group>"; };
		FB66A4502888B5F100F9F850 /* HomeView.swift */ = {isa = PBXFileReference; lastKnownFileType = sourcecode.swift; path = HomeView.swift; sourceTree = "<group>"; };
		FB66A4522888B8ED00F9F850 /* LibraryView.swift */ = {isa = PBXFileReference; lastKnownFileType = sourcecode.swift; path = LibraryView.swift; sourceTree = "<group>"; };
		FBCECE952814847600CD558C /* Word Bundle.app */ = {isa = PBXFileReference; explicitFileType = wrapper.application; includeInIndex = 0; path = "Word Bundle.app"; sourceTree = BUILT_PRODUCTS_DIR; };
		FBCECE982814847600CD558C /* Word_BundleApp.swift */ = {isa = PBXFileReference; lastKnownFileType = sourcecode.swift; path = Word_BundleApp.swift; sourceTree = "<group>"; };
		FBCECE9C2814847900CD558C /* Assets.xcassets */ = {isa = PBXFileReference; lastKnownFileType = folder.assetcatalog; path = Assets.xcassets; sourceTree = "<group>"; };
		FBCECE9F2814847900CD558C /* Preview Assets.xcassets */ = {isa = PBXFileReference; lastKnownFileType = folder.assetcatalog; path = "Preview Assets.xcassets"; sourceTree = "<group>"; };
		FBCECEA12814847900CD558C /* Persistence.swift */ = {isa = PBXFileReference; lastKnownFileType = sourcecode.swift; path = Persistence.swift; sourceTree = "<group>"; };
		FBCECEA42814847900CD558C /* Word_Bundle.xcdatamodel */ = {isa = PBXFileReference; lastKnownFileType = wrapper.xcdatamodel; path = Word_Bundle.xcdatamodel; sourceTree = "<group>"; };
		FBCECEAA2814847A00CD558C /* Word BundleTests.xctest */ = {isa = PBXFileReference; explicitFileType = wrapper.cfbundle; includeInIndex = 0; path = "Word BundleTests.xctest"; sourceTree = BUILT_PRODUCTS_DIR; };
		FBCECEAE2814847A00CD558C /* Word_BundleTests.swift */ = {isa = PBXFileReference; lastKnownFileType = sourcecode.swift; path = Word_BundleTests.swift; sourceTree = "<group>"; };
		FBCECEB42814847A00CD558C /* Word BundleUITests.xctest */ = {isa = PBXFileReference; explicitFileType = wrapper.cfbundle; includeInIndex = 0; path = "Word BundleUITests.xctest"; sourceTree = BUILT_PRODUCTS_DIR; };
		FBCECEB82814847A00CD558C /* Word_BundleUITests.swift */ = {isa = PBXFileReference; lastKnownFileType = sourcecode.swift; path = Word_BundleUITests.swift; sourceTree = "<group>"; };
		FBCECEBA2814847A00CD558C /* Word_BundleUITestsLaunchTests.swift */ = {isa = PBXFileReference; lastKnownFileType = sourcecode.swift; path = Word_BundleUITestsLaunchTests.swift; sourceTree = "<group>"; };
		FBCECEC92814863C00CD558C /* OptionalString+Extension.swift */ = {isa = PBXFileReference; lastKnownFileType = sourcecode.swift; path = "OptionalString+Extension.swift"; sourceTree = "<group>"; };
		FBCECECB281486E900CD558C /* String+Extension.swift */ = {isa = PBXFileReference; lastKnownFileType = sourcecode.swift; path = "String+Extension.swift"; sourceTree = "<group>"; };
		FBCECECD2814876D00CD558C /* Device+Extension.swift */ = {isa = PBXFileReference; lastKnownFileType = sourcecode.swift; path = "Device+Extension.swift"; sourceTree = "<group>"; };
		FBCECECF2814883F00CD558C /* Numeric+Extension.swift */ = {isa = PBXFileReference; lastKnownFileType = sourcecode.swift; path = "Numeric+Extension.swift"; sourceTree = "<group>"; };
		FBCECED1281488AE00CD558C /* Int+Extension.swift */ = {isa = PBXFileReference; lastKnownFileType = sourcecode.swift; path = "Int+Extension.swift"; sourceTree = "<group>"; };
		FBCECED828148CFD00CD558C /* MyPlayground.playground */ = {isa = PBXFileReference; lastKnownFileType = file.playground; path = MyPlayground.playground; sourceTree = "<group>"; xcLanguageSpecificationIdentifier = xcode.lang.swift; };
		FBF4646E2884CED000B4A96B /* DesignSystem+Images.swift */ = {isa = PBXFileReference; lastKnownFileType = sourcecode.swift; path = "DesignSystem+Images.swift"; sourceTree = "<group>"; };
/* End PBXFileReference section */

/* Begin PBXFrameworksBuildPhase section */
		FBCECE922814847600CD558C /* Frameworks */ = {
			isa = PBXFrameworksBuildPhase;
			buildActionMask = 2147483647;
			files = (
			);
			runOnlyForDeploymentPostprocessing = 0;
		};
		FBCECEA72814847A00CD558C /* Frameworks */ = {
			isa = PBXFrameworksBuildPhase;
			buildActionMask = 2147483647;
			files = (
			);
			runOnlyForDeploymentPostprocessing = 0;
		};
		FBCECEB12814847A00CD558C /* Frameworks */ = {
			isa = PBXFrameworksBuildPhase;
			buildActionMask = 2147483647;
			files = (
			);
			runOnlyForDeploymentPostprocessing = 0;
		};
/* End PBXFrameworksBuildPhase section */

/* Begin PBXGroup section */
		FB08299F2884BA2B00FFFB4B /* Design System */ = {
			isa = PBXGroup;
			children = (
				FB0829A22884BB9000FFFB4B /* DesignSystem.swift */,
				FB0829A42884BBC200FFFB4B /* DesignSystem+Size.swift */,
				FB0829A62884BC2B00FFFB4B /* DesignSystem+Color.swift */,
				FBF4646E2884CED000B4A96B /* DesignSystem+Images.swift */,
			);
			path = "Design System";
			sourceTree = "<group>";
		};
		FB66A4252887209300F9F850 /* Localization */ = {
			isa = PBXGroup;
			children = (
				FB66A431288804F000F9F850 /* Localisation Files */,
				FB66A42F288804E400F9F850 /* Localisation.swift */,
			);
			path = Localization;
			sourceTree = "<group>";
		};
		FB66A431288804F000F9F850 /* Localisation Files */ = {
			isa = PBXGroup;
			children = (
				FB66A42E2887FAD000F9F850 /* Localizable.strings */,
			);
			path = "Localisation Files";
			sourceTree = "<group>";
		};
		FB66A43328880EBE00F9F850 /* Views */ = {
			isa = PBXGroup;
			children = (
				FB66A4382888157E00F9F850 /* Components */,
				FB66A439288816B700F9F850 /* MainView.swift */,
				FB66A4282887EB7100F9F850 /* WelcomeView.swift */,
				FB66A43428880EF600F9F850 /* RemindersSettingView.swift */,
				FB66A4502888B5F100F9F850 /* HomeView.swift */,
				FB66A4522888B8ED00F9F850 /* LibraryView.swift */,
			);
			path = Views;
			sourceTree = "<group>";
		};
		FB66A4382888157E00F9F850 /* Components */ = {
			isa = PBXGroup;
			children = (
				FB66A43628880F5C00F9F850 /* NavigationButton.swift */,
				FB66A43B288833A200F9F850 /* ReminderSettingItem.swift */,
				FB66A4492888A8E300F9F850 /* HelloWorldView.swift */,
			);
			path = Components;
			sourceTree = "<group>";
		};
		FB66A44B2888B39800F9F850 /* Models */ = {
			isa = PBXGroup;
			children = (
				FB66A44C2888B3A300F9F850 /* Word.swift */,
				FB66A44E2888B54800F9F850 /* PartOfSpeech.swift */,
			);
			path = Models;
			sourceTree = "<group>";
		};
		FBCECE8C2814847600CD558C = {
			isa = PBXGroup;
			children = (
				FBCECE972814847600CD558C /* Word Bundle */,
				FBCECEAD2814847A00CD558C /* Word BundleTests */,
				FBCECEB72814847A00CD558C /* Word BundleUITests */,
				FBCECE962814847600CD558C /* Products */,
			);
			sourceTree = "<group>";
		};
		FBCECE962814847600CD558C /* Products */ = {
			isa = PBXGroup;
			children = (
				FBCECE952814847600CD558C /* Word Bundle.app */,
				FBCECEAA2814847A00CD558C /* Word BundleTests.xctest */,
				FBCECEB42814847A00CD558C /* Word BundleUITests.xctest */,
			);
			name = Products;
			sourceTree = "<group>";
		};
		FBCECE972814847600CD558C /* Word Bundle */ = {
			isa = PBXGroup;
			children = (
				FB66A44B2888B39800F9F850 /* Models */,
				FB66A43328880EBE00F9F850 /* Views */,
				FB66A4252887209300F9F850 /* Localization */,
				FBF464682884C7C500B4A96B /* Network */,
				FB0829A12884BA9D00FFFB4B /* Word Bundle.entitlements */,
				FB08299F2884BA2B00FFFB4B /* Design System */,
				FBCECEA12814847900CD558C /* Persistence.swift */,
				FBCECE982814847600CD558C /* Word_BundleApp.swift */,
				FBCECE9C2814847900CD558C /* Assets.xcassets */,
				FBCECE9E2814847900CD558C /* Preview Content */,
				FBCECEC72814862600CD558C /* Shared */,
				FBCECEA32814847900CD558C /* Word_Bundle.xcdatamodeld */,
				FBCECED828148CFD00CD558C /* MyPlayground.playground */,
			);
			path = "Word Bundle";
			sourceTree = "<group>";
		};
		FBCECE9E2814847900CD558C /* Preview Content */ = {
			isa = PBXGroup;
			children = (
				FBCECE9F2814847900CD558C /* Preview Assets.xcassets */,
			);
			path = "Preview Content";
			sourceTree = "<group>";
		};
		FBCECEAD2814847A00CD558C /* Word BundleTests */ = {
			isa = PBXGroup;
			children = (
				FBCECEAE2814847A00CD558C /* Word_BundleTests.swift */,
			);
			path = "Word BundleTests";
			sourceTree = "<group>";
		};
		FBCECEB72814847A00CD558C /* Word BundleUITests */ = {
			isa = PBXGroup;
			children = (
				FBCECEB82814847A00CD558C /* Word_BundleUITests.swift */,
				FBCECEBA2814847A00CD558C /* Word_BundleUITestsLaunchTests.swift */,
			);
			path = "Word BundleUITests";
			sourceTree = "<group>";
		};
		FBCECEC72814862600CD558C /* Shared */ = {
			isa = PBXGroup;
			children = (
				FBCECEC82814862D00CD558C /* Extensions */,
			);
			path = Shared;
			sourceTree = "<group>";
		};
		FBCECEC82814862D00CD558C /* Extensions */ = {
			isa = PBXGroup;
			children = (
				FBCECEC92814863C00CD558C /* OptionalString+Extension.swift */,
				FBCECECB281486E900CD558C /* String+Extension.swift */,
				FBCECECD2814876D00CD558C /* Device+Extension.swift */,
				FBCECECF2814883F00CD558C /* Numeric+Extension.swift */,
				FBCECED1281488AE00CD558C /* Int+Extension.swift */,
			);
			path = Extensions;
			sourceTree = "<group>";
		};
		FBF464682884C7C500B4A96B /* Network */ = {
			isa = PBXGroup;
			children = (
			);
			path = Network;
			sourceTree = "<group>";
		};
/* End PBXGroup section */

/* Begin PBXNativeTarget section */
		FBCECE942814847600CD558C /* Word Bundle */ = {
			isa = PBXNativeTarget;
			buildConfigurationList = FBCECEBE2814847A00CD558C /* Build configuration list for PBXNativeTarget "Word Bundle" */;
			buildPhases = (
				FBCECE912814847600CD558C /* Sources */,
				FBCECE922814847600CD558C /* Frameworks */,
				FBCECE932814847600CD558C /* Resources */,
				FBCECED928148F5800CD558C /* SwiftLint */,
			);
			buildRules = (
			);
			dependencies = (
			);
			name = "Word Bundle";
			packageProductDependencies = (
			);
			productName = "Word Bundle";
			productReference = FBCECE952814847600CD558C /* Word Bundle.app */;
			productType = "com.apple.product-type.application";
		};
		FBCECEA92814847A00CD558C /* Word BundleTests */ = {
			isa = PBXNativeTarget;
			buildConfigurationList = FBCECEC12814847A00CD558C /* Build configuration list for PBXNativeTarget "Word BundleTests" */;
			buildPhases = (
				FBCECEA62814847A00CD558C /* Sources */,
				FBCECEA72814847A00CD558C /* Frameworks */,
				FBCECEA82814847A00CD558C /* Resources */,
			);
			buildRules = (
			);
			dependencies = (
				FBCECEAC2814847A00CD558C /* PBXTargetDependency */,
			);
			name = "Word BundleTests";
			productName = "Word BundleTests";
			productReference = FBCECEAA2814847A00CD558C /* Word BundleTests.xctest */;
			productType = "com.apple.product-type.bundle.unit-test";
		};
		FBCECEB32814847A00CD558C /* Word BundleUITests */ = {
			isa = PBXNativeTarget;
			buildConfigurationList = FBCECEC42814847A00CD558C /* Build configuration list for PBXNativeTarget "Word BundleUITests" */;
			buildPhases = (
				FBCECEB02814847A00CD558C /* Sources */,
				FBCECEB12814847A00CD558C /* Frameworks */,
				FBCECEB22814847A00CD558C /* Resources */,
			);
			buildRules = (
			);
			dependencies = (
				FBCECEB62814847A00CD558C /* PBXTargetDependency */,
			);
			name = "Word BundleUITests";
			productName = "Word BundleUITests";
			productReference = FBCECEB42814847A00CD558C /* Word BundleUITests.xctest */;
			productType = "com.apple.product-type.bundle.ui-testing";
		};
/* End PBXNativeTarget section */

/* Begin PBXProject section */
		FBCECE8D2814847600CD558C /* Project object */ = {
			isa = PBXProject;
			attributes = {
				BuildIndependentTargetsInParallel = 1;
				LastSwiftUpdateCheck = 1330;
				LastUpgradeCheck = 1330;
				TargetAttributes = {
					FBCECE942814847600CD558C = {
						CreatedOnToolsVersion = 13.3.1;
					};
					FBCECEA92814847A00CD558C = {
						CreatedOnToolsVersion = 13.3.1;
						TestTargetID = FBCECE942814847600CD558C;
					};
					FBCECEB32814847A00CD558C = {
						CreatedOnToolsVersion = 13.3.1;
						TestTargetID = FBCECE942814847600CD558C;
					};
				};
			};
			buildConfigurationList = FBCECE902814847600CD558C /* Build configuration list for PBXProject "Word Bundle" */;
			compatibilityVersion = "Xcode 13.0";
			developmentRegion = en;
			hasScannedForEncodings = 0;
			knownRegions = (
				en,
				Base,
			);
			mainGroup = FBCECE8C2814847600CD558C;
			packageReferences = (
			);
			productRefGroup = FBCECE962814847600CD558C /* Products */;
			projectDirPath = "";
			projectRoot = "";
			targets = (
				FBCECE942814847600CD558C /* Word Bundle */,
				FBCECEA92814847A00CD558C /* Word BundleTests */,
				FBCECEB32814847A00CD558C /* Word BundleUITests */,
			);
		};
/* End PBXProject section */

/* Begin PBXResourcesBuildPhase section */
		FBCECE932814847600CD558C /* Resources */ = {
			isa = PBXResourcesBuildPhase;
			buildActionMask = 2147483647;
			files = (
				FBCECEA02814847900CD558C /* Preview Assets.xcassets in Resources */,
				FB66A42C2887FAD000F9F850 /* Localizable.strings in Resources */,
				FBCECE9D2814847900CD558C /* Assets.xcassets in Resources */,
			);
			runOnlyForDeploymentPostprocessing = 0;
		};
		FBCECEA82814847A00CD558C /* Resources */ = {
			isa = PBXResourcesBuildPhase;
			buildActionMask = 2147483647;
			files = (
			);
			runOnlyForDeploymentPostprocessing = 0;
		};
		FBCECEB22814847A00CD558C /* Resources */ = {
			isa = PBXResourcesBuildPhase;
			buildActionMask = 2147483647;
			files = (
			);
			runOnlyForDeploymentPostprocessing = 0;
		};
/* End PBXResourcesBuildPhase section */

/* Begin PBXShellScriptBuildPhase section */
		FBCECED928148F5800CD558C /* SwiftLint */ = {
			isa = PBXShellScriptBuildPhase;
			buildActionMask = 2147483647;
			files = (
			);
			inputFileListPaths = (
			);
			inputPaths = (
			);
			name = SwiftLint;
			outputFileListPaths = (
			);
			outputPaths = (
			);
			runOnlyForDeploymentPostprocessing = 0;
			shellPath = /bin/sh;
			shellScript = "export PATH=\"$PATH:/opt/homebrew/bin\"\nif which swiftlint > /dev/null; then\n  swiftlint\nelse\n  echo \"warning: SwiftLint not installed, download from https://github.com/realm/SwiftLint\"\nfi\n";
		};
/* End PBXShellScriptBuildPhase section */

/* Begin PBXSourcesBuildPhase section */
		FBCECE912814847600CD558C /* Sources */ = {
			isa = PBXSourcesBuildPhase;
			buildActionMask = 2147483647;
			files = (
				FBCECEA22814847900CD558C /* Persistence.swift in Sources */,
				FBCECECE2814876D00CD558C /* Device+Extension.swift in Sources */,
				FB66A4292887EB7100F9F850 /* WelcomeView.swift in Sources */,
				FB66A4532888B8ED00F9F850 /* LibraryView.swift in Sources */,
				FB66A43C288833A200F9F850 /* ReminderSettingItem.swift in Sources */,
				FBCECEA52814847900CD558C /* Word_Bundle.xcdatamodeld in Sources */,
				FB66A4512888B5F100F9F850 /* HomeView.swift in Sources */,
				FBCECED2281488AE00CD558C /* Int+Extension.swift in Sources */,
				FBCECECA2814863C00CD558C /* OptionalString+Extension.swift in Sources */,
				FB66A43728880F5C00F9F850 /* NavigationButton.swift in Sources */,
				FB66A43528880EF600F9F850 /* RemindersSettingView.swift in Sources */,
				FB0829A52884BBC200FFFB4B /* DesignSystem+Size.swift in Sources */,
				FB0829A32884BB9000FFFB4B /* DesignSystem.swift in Sources */,
				FB0829A72884BC2B00FFFB4B /* DesignSystem+Color.swift in Sources */,
				FB66A43A288816B700F9F850 /* MainView.swift in Sources */,
				FBF4646F2884CED000B4A96B /* DesignSystem+Images.swift in Sources */,
				FB66A44A2888A8E300F9F850 /* HelloWorldView.swift in Sources */,
				FB66A430288804E400F9F850 /* Localisation.swift in Sources */,
				FBCECED02814883F00CD558C /* Numeric+Extension.swift in Sources */,
				FB66A44D2888B3A300F9F850 /* Word.swift in Sources */,
				FBCECECC281486E900CD558C /* String+Extension.swift in Sources */,
				FB66A44F2888B54800F9F850 /* PartOfSpeech.swift in Sources */,
				FBCECE992814847600CD558C /* Word_BundleApp.swift in Sources */,
			);
			runOnlyForDeploymentPostprocessing = 0;
		};
		FBCECEA62814847A00CD558C /* Sources */ = {
			isa = PBXSourcesBuildPhase;
			buildActionMask = 2147483647;
			files = (
				FBCECEAF2814847A00CD558C /* Word_BundleTests.swift in Sources */,
			);
			runOnlyForDeploymentPostprocessing = 0;
		};
		FBCECEB02814847A00CD558C /* Sources */ = {
			isa = PBXSourcesBuildPhase;
			buildActionMask = 2147483647;
			files = (
				FBCECEBB2814847A00CD558C /* Word_BundleUITestsLaunchTests.swift in Sources */,
				FBCECEB92814847A00CD558C /* Word_BundleUITests.swift in Sources */,
			);
			runOnlyForDeploymentPostprocessing = 0;
		};
/* End PBXSourcesBuildPhase section */

/* Begin PBXTargetDependency section */
		FBCECEAC2814847A00CD558C /* PBXTargetDependency */ = {
			isa = PBXTargetDependency;
			target = FBCECE942814847600CD558C /* Word Bundle */;
			targetProxy = FBCECEAB2814847A00CD558C /* PBXContainerItemProxy */;
		};
		FBCECEB62814847A00CD558C /* PBXTargetDependency */ = {
			isa = PBXTargetDependency;
			target = FBCECE942814847600CD558C /* Word Bundle */;
			targetProxy = FBCECEB52814847A00CD558C /* PBXContainerItemProxy */;
		};
/* End PBXTargetDependency section */

/* Begin PBXVariantGroup section */
		FB66A42E2887FAD000F9F850 /* Localizable.strings */ = {
			isa = PBXVariantGroup;
			children = (
				FB66A42D2887FAD000F9F850 /* en */,
			);
			name = Localizable.strings;
			sourceTree = "<group>";
		};
/* End PBXVariantGroup section */

/* Begin XCBuildConfiguration section */
		FBCECEBC2814847A00CD558C /* Debug */ = {
			isa = XCBuildConfiguration;
			buildSettings = {
				ALWAYS_SEARCH_USER_PATHS = NO;
				CLANG_ANALYZER_NONNULL = YES;
				CLANG_ANALYZER_NUMBER_OBJECT_CONVERSION = YES_AGGRESSIVE;
				CLANG_CXX_LANGUAGE_STANDARD = "gnu++17";
				CLANG_ENABLE_MODULES = YES;
				CLANG_ENABLE_OBJC_ARC = YES;
				CLANG_ENABLE_OBJC_WEAK = YES;
				CLANG_WARN_BLOCK_CAPTURE_AUTORELEASING = YES;
				CLANG_WARN_BOOL_CONVERSION = YES;
				CLANG_WARN_COMMA = YES;
				CLANG_WARN_CONSTANT_CONVERSION = YES;
				CLANG_WARN_DEPRECATED_OBJC_IMPLEMENTATIONS = YES;
				CLANG_WARN_DIRECT_OBJC_ISA_USAGE = YES_ERROR;
				CLANG_WARN_DOCUMENTATION_COMMENTS = YES;
				CLANG_WARN_EMPTY_BODY = YES;
				CLANG_WARN_ENUM_CONVERSION = YES;
				CLANG_WARN_INFINITE_RECURSION = YES;
				CLANG_WARN_INT_CONVERSION = YES;
				CLANG_WARN_NON_LITERAL_NULL_CONVERSION = YES;
				CLANG_WARN_OBJC_IMPLICIT_RETAIN_SELF = YES;
				CLANG_WARN_OBJC_LITERAL_CONVERSION = YES;
				CLANG_WARN_OBJC_ROOT_CLASS = YES_ERROR;
				CLANG_WARN_QUOTED_INCLUDE_IN_FRAMEWORK_HEADER = YES;
				CLANG_WARN_RANGE_LOOP_ANALYSIS = YES;
				CLANG_WARN_STRICT_PROTOTYPES = YES;
				CLANG_WARN_SUSPICIOUS_MOVE = YES;
				CLANG_WARN_UNGUARDED_AVAILABILITY = YES_AGGRESSIVE;
				CLANG_WARN_UNREACHABLE_CODE = YES;
				CLANG_WARN__DUPLICATE_METHOD_MATCH = YES;
				COPY_PHASE_STRIP = NO;
				DEBUG_INFORMATION_FORMAT = dwarf;
				ENABLE_STRICT_OBJC_MSGSEND = YES;
				ENABLE_TESTABILITY = YES;
				GCC_C_LANGUAGE_STANDARD = gnu11;
				GCC_DYNAMIC_NO_PIC = NO;
				GCC_NO_COMMON_BLOCKS = YES;
				GCC_OPTIMIZATION_LEVEL = 0;
				GCC_PREPROCESSOR_DEFINITIONS = (
					"DEBUG=1",
					"$(inherited)",
				);
				GCC_WARN_64_TO_32_BIT_CONVERSION = YES;
				GCC_WARN_ABOUT_RETURN_TYPE = YES_ERROR;
				GCC_WARN_UNDECLARED_SELECTOR = YES;
				GCC_WARN_UNINITIALIZED_AUTOS = YES_AGGRESSIVE;
				GCC_WARN_UNUSED_FUNCTION = YES;
				GCC_WARN_UNUSED_VARIABLE = YES;
				IPHONEOS_DEPLOYMENT_TARGET = 15.4;
				MTL_ENABLE_DEBUG_INFO = INCLUDE_SOURCE;
				MTL_FAST_MATH = YES;
				ONLY_ACTIVE_ARCH = YES;
				SDKROOT = iphoneos;
				SWIFT_ACTIVE_COMPILATION_CONDITIONS = DEBUG;
				SWIFT_OPTIMIZATION_LEVEL = "-Onone";
			};
			name = Debug;
		};
		FBCECEBD2814847A00CD558C /* Release */ = {
			isa = XCBuildConfiguration;
			buildSettings = {
				ALWAYS_SEARCH_USER_PATHS = NO;
				CLANG_ANALYZER_NONNULL = YES;
				CLANG_ANALYZER_NUMBER_OBJECT_CONVERSION = YES_AGGRESSIVE;
				CLANG_CXX_LANGUAGE_STANDARD = "gnu++17";
				CLANG_ENABLE_MODULES = YES;
				CLANG_ENABLE_OBJC_ARC = YES;
				CLANG_ENABLE_OBJC_WEAK = YES;
				CLANG_WARN_BLOCK_CAPTURE_AUTORELEASING = YES;
				CLANG_WARN_BOOL_CONVERSION = YES;
				CLANG_WARN_COMMA = YES;
				CLANG_WARN_CONSTANT_CONVERSION = YES;
				CLANG_WARN_DEPRECATED_OBJC_IMPLEMENTATIONS = YES;
				CLANG_WARN_DIRECT_OBJC_ISA_USAGE = YES_ERROR;
				CLANG_WARN_DOCUMENTATION_COMMENTS = YES;
				CLANG_WARN_EMPTY_BODY = YES;
				CLANG_WARN_ENUM_CONVERSION = YES;
				CLANG_WARN_INFINITE_RECURSION = YES;
				CLANG_WARN_INT_CONVERSION = YES;
				CLANG_WARN_NON_LITERAL_NULL_CONVERSION = YES;
				CLANG_WARN_OBJC_IMPLICIT_RETAIN_SELF = YES;
				CLANG_WARN_OBJC_LITERAL_CONVERSION = YES;
				CLANG_WARN_OBJC_ROOT_CLASS = YES_ERROR;
				CLANG_WARN_QUOTED_INCLUDE_IN_FRAMEWORK_HEADER = YES;
				CLANG_WARN_RANGE_LOOP_ANALYSIS = YES;
				CLANG_WARN_STRICT_PROTOTYPES = YES;
				CLANG_WARN_SUSPICIOUS_MOVE = YES;
				CLANG_WARN_UNGUARDED_AVAILABILITY = YES_AGGRESSIVE;
				CLANG_WARN_UNREACHABLE_CODE = YES;
				CLANG_WARN__DUPLICATE_METHOD_MATCH = YES;
				COPY_PHASE_STRIP = NO;
				DEBUG_INFORMATION_FORMAT = "dwarf-with-dsym";
				ENABLE_NS_ASSERTIONS = NO;
				ENABLE_STRICT_OBJC_MSGSEND = YES;
				GCC_C_LANGUAGE_STANDARD = gnu11;
				GCC_NO_COMMON_BLOCKS = YES;
				GCC_WARN_64_TO_32_BIT_CONVERSION = YES;
				GCC_WARN_ABOUT_RETURN_TYPE = YES_ERROR;
				GCC_WARN_UNDECLARED_SELECTOR = YES;
				GCC_WARN_UNINITIALIZED_AUTOS = YES_AGGRESSIVE;
				GCC_WARN_UNUSED_FUNCTION = YES;
				GCC_WARN_UNUSED_VARIABLE = YES;
				IPHONEOS_DEPLOYMENT_TARGET = 15.4;
				MTL_ENABLE_DEBUG_INFO = NO;
				MTL_FAST_MATH = YES;
				SDKROOT = iphoneos;
				SWIFT_COMPILATION_MODE = wholemodule;
				SWIFT_OPTIMIZATION_LEVEL = "-O";
				VALIDATE_PRODUCT = YES;
			};
			name = Release;
		};
		FBCECEBF2814847A00CD558C /* Debug */ = {
			isa = XCBuildConfiguration;
			buildSettings = {
				ASSETCATALOG_COMPILER_APPICON_NAME = AppIcon;
				ASSETCATALOG_COMPILER_GLOBAL_ACCENT_COLOR_NAME = AccentColor;
				CODE_SIGN_ENTITLEMENTS = "Word Bundle/Word Bundle.entitlements";
				CODE_SIGN_IDENTITY = "Apple Development";
				CODE_SIGN_STYLE = Automatic;
				CURRENT_PROJECT_VERSION = 1;
				DEVELOPMENT_ASSET_PATHS = "\"Word Bundle/Preview Content\"";
				DEVELOPMENT_TEAM = 487Z879GSQ;
				ENABLE_PREVIEWS = YES;
				GENERATE_INFOPLIST_FILE = YES;
				INFOPLIST_KEY_UIApplicationSceneManifest_Generation = YES;
				INFOPLIST_KEY_UIApplicationSupportsIndirectInputEvents = YES;
				INFOPLIST_KEY_UILaunchScreen_Generation = YES;
				INFOPLIST_KEY_UISupportedInterfaceOrientations = UIInterfaceOrientationPortrait;
				INFOPLIST_KEY_UISupportedInterfaceOrientations_iPad = "UIInterfaceOrientationPortrait UIInterfaceOrientationPortraitUpsideDown UIInterfaceOrientationLandscapeLeft UIInterfaceOrientationLandscapeRight";
				INFOPLIST_KEY_UISupportedInterfaceOrientations_iPhone = "UIInterfaceOrientationPortrait UIInterfaceOrientationLandscapeLeft UIInterfaceOrientationLandscapeRight";
				LD_RUNPATH_SEARCH_PATHS = (
					"$(inherited)",
					"@executable_path/Frameworks",
				);
				MARKETING_VERSION = 1.0;
				PRODUCT_BUNDLE_IDENTIFIER = "khizanag.Word-Bundle";
				PRODUCT_NAME = "$(TARGET_NAME)";
				PROVISIONING_PROFILE_SPECIFIER = "";
				SWIFT_EMIT_LOC_STRINGS = YES;
				SWIFT_VERSION = 5.0;
				TARGETED_DEVICE_FAMILY = "1,2";
			};
			name = Debug;
		};
		FBCECEC02814847A00CD558C /* Release */ = {
			isa = XCBuildConfiguration;
			buildSettings = {
				ASSETCATALOG_COMPILER_APPICON_NAME = AppIcon;
				ASSETCATALOG_COMPILER_GLOBAL_ACCENT_COLOR_NAME = AccentColor;
				CODE_SIGN_ENTITLEMENTS = "Word Bundle/Word Bundle.entitlements";
				CODE_SIGN_IDENTITY = "Apple Development";
				CODE_SIGN_STYLE = Automatic;
				CURRENT_PROJECT_VERSION = 1;
				DEVELOPMENT_ASSET_PATHS = "\"Word Bundle/Preview Content\"";
				DEVELOPMENT_TEAM = 487Z879GSQ;
				ENABLE_PREVIEWS = YES;
				GENERATE_INFOPLIST_FILE = YES;
				INFOPLIST_KEY_UIApplicationSceneManifest_Generation = YES;
				INFOPLIST_KEY_UIApplicationSupportsIndirectInputEvents = YES;
				INFOPLIST_KEY_UILaunchScreen_Generation = YES;
				INFOPLIST_KEY_UISupportedInterfaceOrientations = UIInterfaceOrientationPortrait;
				INFOPLIST_KEY_UISupportedInterfaceOrientations_iPad = "UIInterfaceOrientationPortrait UIInterfaceOrientationPortraitUpsideDown UIInterfaceOrientationLandscapeLeft UIInterfaceOrientationLandscapeRight";
				INFOPLIST_KEY_UISupportedInterfaceOrientations_iPhone = "UIInterfaceOrientationPortrait UIInterfaceOrientationLandscapeLeft UIInterfaceOrientationLandscapeRight";
				LD_RUNPATH_SEARCH_PATHS = (
					"$(inherited)",
					"@executable_path/Frameworks",
				);
				MARKETING_VERSION = 1.0;
				PRODUCT_BUNDLE_IDENTIFIER = "khizanag.Word-Bundle";
				PRODUCT_NAME = "$(TARGET_NAME)";
				PROVISIONING_PROFILE_SPECIFIER = "";
				SWIFT_EMIT_LOC_STRINGS = YES;
				SWIFT_VERSION = 5.0;
				TARGETED_DEVICE_FAMILY = "1,2";
			};
			name = Release;
		};
		FBCECEC22814847A00CD558C /* Debug */ = {
			isa = XCBuildConfiguration;
			buildSettings = {
				ALWAYS_EMBED_SWIFT_STANDARD_LIBRARIES = YES;
				BUNDLE_LOADER = "$(TEST_HOST)";
				CODE_SIGN_STYLE = Automatic;
				CURRENT_PROJECT_VERSION = 1;
				DEVELOPMENT_TEAM = 487Z879GSQ;
				GENERATE_INFOPLIST_FILE = YES;
				IPHONEOS_DEPLOYMENT_TARGET = 15.4;
				MARKETING_VERSION = 1.0;
				PRODUCT_BUNDLE_IDENTIFIER = "khizanag.Word-BundleTests";
				PRODUCT_NAME = "$(TARGET_NAME)";
				SWIFT_EMIT_LOC_STRINGS = NO;
				SWIFT_VERSION = 5.0;
				TARGETED_DEVICE_FAMILY = "1,2";
				TEST_HOST = "$(BUILT_PRODUCTS_DIR)/Word Bundle.app/Word Bundle";
			};
			name = Debug;
		};
		FBCECEC32814847A00CD558C /* Release */ = {
			isa = XCBuildConfiguration;
			buildSettings = {
				ALWAYS_EMBED_SWIFT_STANDARD_LIBRARIES = YES;
				BUNDLE_LOADER = "$(TEST_HOST)";
				CODE_SIGN_STYLE = Automatic;
				CURRENT_PROJECT_VERSION = 1;
				DEVELOPMENT_TEAM = 487Z879GSQ;
				GENERATE_INFOPLIST_FILE = YES;
				IPHONEOS_DEPLOYMENT_TARGET = 15.4;
				MARKETING_VERSION = 1.0;
				PRODUCT_BUNDLE_IDENTIFIER = "khizanag.Word-BundleTests";
				PRODUCT_NAME = "$(TARGET_NAME)";
				SWIFT_EMIT_LOC_STRINGS = NO;
				SWIFT_VERSION = 5.0;
				TARGETED_DEVICE_FAMILY = "1,2";
				TEST_HOST = "$(BUILT_PRODUCTS_DIR)/Word Bundle.app/Word Bundle";
			};
			name = Release;
		};
		FBCECEC52814847A00CD558C /* Debug */ = {
			isa = XCBuildConfiguration;
			buildSettings = {
				ALWAYS_EMBED_SWIFT_STANDARD_LIBRARIES = YES;
				CODE_SIGN_STYLE = Automatic;
				CURRENT_PROJECT_VERSION = 1;
				DEVELOPMENT_TEAM = 487Z879GSQ;
				GENERATE_INFOPLIST_FILE = YES;
				MARKETING_VERSION = 1.0;
				PRODUCT_BUNDLE_IDENTIFIER = "khizanag.Word-BundleUITests";
				PRODUCT_NAME = "$(TARGET_NAME)";
				SWIFT_EMIT_LOC_STRINGS = NO;
				SWIFT_VERSION = 5.0;
				TARGETED_DEVICE_FAMILY = "1,2";
				TEST_TARGET_NAME = "Word Bundle";
			};
			name = Debug;
		};
		FBCECEC62814847A00CD558C /* Release */ = {
			isa = XCBuildConfiguration;
			buildSettings = {
				ALWAYS_EMBED_SWIFT_STANDARD_LIBRARIES = YES;
				CODE_SIGN_STYLE = Automatic;
				CURRENT_PROJECT_VERSION = 1;
				DEVELOPMENT_TEAM = 487Z879GSQ;
				GENERATE_INFOPLIST_FILE = YES;
				MARKETING_VERSION = 1.0;
				PRODUCT_BUNDLE_IDENTIFIER = "khizanag.Word-BundleUITests";
				PRODUCT_NAME = "$(TARGET_NAME)";
				SWIFT_EMIT_LOC_STRINGS = NO;
				SWIFT_VERSION = 5.0;
				TARGETED_DEVICE_FAMILY = "1,2";
				TEST_TARGET_NAME = "Word Bundle";
			};
			name = Release;
		};
/* End XCBuildConfiguration section */

/* Begin XCConfigurationList section */
		FBCECE902814847600CD558C /* Build configuration list for PBXProject "Word Bundle" */ = {
			isa = XCConfigurationList;
			buildConfigurations = (
				FBCECEBC2814847A00CD558C /* Debug */,
				FBCECEBD2814847A00CD558C /* Release */,
			);
			defaultConfigurationIsVisible = 0;
			defaultConfigurationName = Release;
		};
		FBCECEBE2814847A00CD558C /* Build configuration list for PBXNativeTarget "Word Bundle" */ = {
			isa = XCConfigurationList;
			buildConfigurations = (
				FBCECEBF2814847A00CD558C /* Debug */,
				FBCECEC02814847A00CD558C /* Release */,
			);
			defaultConfigurationIsVisible = 0;
			defaultConfigurationName = Release;
		};
		FBCECEC12814847A00CD558C /* Build configuration list for PBXNativeTarget "Word BundleTests" */ = {
			isa = XCConfigurationList;
			buildConfigurations = (
				FBCECEC22814847A00CD558C /* Debug */,
				FBCECEC32814847A00CD558C /* Release */,
			);
			defaultConfigurationIsVisible = 0;
			defaultConfigurationName = Release;
		};
		FBCECEC42814847A00CD558C /* Build configuration list for PBXNativeTarget "Word BundleUITests" */ = {
			isa = XCConfigurationList;
			buildConfigurations = (
				FBCECEC52814847A00CD558C /* Debug */,
				FBCECEC62814847A00CD558C /* Release */,
			);
			defaultConfigurationIsVisible = 0;
			defaultConfigurationName = Release;
		};
/* End XCConfigurationList section */

/* Begin XCVersionGroup section */
		FBCECEA32814847900CD558C /* Word_Bundle.xcdatamodeld */ = {
			isa = XCVersionGroup;
			children = (
				FBCECEA42814847900CD558C /* Word_Bundle.xcdatamodel */,
			);
			currentVersion = FBCECEA42814847900CD558C /* Word_Bundle.xcdatamodel */;
			path = Word_Bundle.xcdatamodeld;
			sourceTree = "<group>";
			versionGroupType = wrapper.xcdatamodel;
		};
/* End XCVersionGroup section */
	};
	rootObject = FBCECE8D2814847600CD558C /* Project object */;
}
